
Microsoft Visual Studio Solution File, Format Version 12.00
# Visual Studio Version 17
VisualStudioVersion = 17.5.33530.505
MinimumVisualStudioVersion = 10.0.40219.1
Project("{888888A0-9F3D-457C-B088-3A5042F75D52}") = "LabPython1", "LabPython1\LabPython1.pyproj", "{ECF01910-F22A-4413-961A-3C15ACB915B9}"
EndProject
Global
	GlobalSection(SolutionConfigurationPlatforms) = preSolution
		Debug|Any CPU = Debug|Any CPU
		Release|Any CPU = Release|Any CPU
	EndGlobalSection
	GlobalSection(ProjectConfigurationPlatforms) = postSolution
		{ECF01910-F22A-4413-961A-3C15ACB915B9}.Debug|Any CPU.ActiveCfg = Debug|Any CPU
		{ECF01910-F22A-4413-961A-3C15ACB915B9}.Release|Any CPU.ActiveCfg = Release|Any CPU
	EndGlobalSection
	GlobalSection(SolutionProperties) = preSolution
		HideSolutionNode = FALSE
	EndGlobalSection
	GlobalSection(ExtensibilityGlobals) = postSolution
		SolutionGuid = {A2CF6FC4-86A0-49A6-A1C4-D6F9F9E7172D}
	EndGlobalSection
EndGlobal
